{
  "nodes": {
    "jungle": {
      "inputs": {
        "nixpkgs": "nixpkgs"
      },
      "locked": {
        "lastModified": 1773397208,
        "narHash": "sha256-zRGiEmm0RWsXsyzFO9M08wOchu1JfoqcQwJ8W8tYiNM=",
        "ref": "tglib",
        "rev": "dfc4fd0dc5054d2483c027b715bee3a7cff90b20",
        "revCount": 1536,
        "type": "git",
        "url": "https://github.com/jandrovins/jungle.git"
      },
      "original": {
        "ref": "tglib",
        "rev": "dfc4fd0dc5054d2483c027b715bee3a7cff90b20",
        "type": "git",
        "url": "https://github.com/jandrovins/jungle.git"
      }
    },
    "nixpkgs": {
      "locked": {
        "lastModified": 1767634882,
        "narHash": "sha256-2GffSfQxe3sedHzK+sTKlYo/NTIAGzbFCIsNMUPAAnk=",
        "owner": "NixOS",
        "repo": "nixpkgs",
        "rev": "3c9db02515ef1d9b6b709fc60ba9a540957f661c",
        "type": "github"
      },
      "original": {
        "owner": "NixOS",
        "ref": "nixos-25.11",
        "repo": "nixpkgs",
        "type": "github"
      }
    },
    "nodes_src": {
      "flake": false,
      "locked": {
        "lastModified": 1761658241,
        "narHash": "sha256-pnkHRCiXLJRJ8YYqj1MbhwOhWMiDrWqiO2UT/hDxTF4=",
        "type": "tarball",
        "url": "https://github.com/bsc-pm/nodes/releases/download/version-1.4/nodes-1.4.0.tar.gz"
      },
      "original": {
        "type": "tarball",
        "url": "https://github.com/bsc-pm/nodes/releases/download/version-1.4/nodes-1.4.0.tar.gz"
      }
    },
    "nosv_src": {
      "flake": false,
      "locked": {
        "lastModified": 1761645143,
        "narHash": "sha256-yLdZx6c0IOfXa76ZoZ3TdkPGq/vCnfiNf+2zmkhL4Os=",
        "type": "tarball",
        "url": "https://github.com/bsc-pm/nos-v/releases/download/4.0.0/nos-v-4.0.0.tar.bz2"
      },
      "original": {
        "type": "tarball",
        "url": "https://github.com/bsc-pm/nos-v/releases/download/4.0.0/nos-v-4.0.0.tar.bz2"
      }
    },
    "root": {
      "inputs": {
        "jungle": "jungle",
        "nodes_src": "nodes_src",
        "nosv_src": "nosv_src"
      }
    }
  },
  "root": "root",
  "version": 7
}
