{
  "nodes": {
    "jungle": {
      "inputs": {
        "nixpkgs": "nixpkgs"
      },
      "locked": {
        "lastModified": 1773397208,
        "narHash": "sha256-zRGiEmm0RWsXsyzFO9M08wOchu1JfoqcQwJ8W8tYiNM=",
        "ref": "tglib",
        "rev": "dfc4fd0dc5054d2483c027b715bee3a7cff90b20",
        "revCount": 1536,
        "type": "git",
        "url": "https://github.com/jandrovins/jungle.git"
      },
      "original": {
        "ref": "tglib",
        "type": "git",
        "url": "https://github.com/jandrovins/jungle.git"
      }
    },
    "nixpkgs": {
      "locked": {
        "lastModified": 1767634882,
        "narHash": "sha256-2GffSfQxe3sedHzK+sTKlYo/NTIAGzbFCIsNMUPAAnk=",
        "owner": "NixOS",
        "repo": "nixpkgs",
        "rev": "3c9db02515ef1d9b6b709fc60ba9a540957f661c",
        "type": "github"
      },
      "original": {
        "owner": "NixOS",
        "ref": "nixos-25.11",
        "repo": "nixpkgs",
        "type": "github"
      }
    },
    "nodes_src": {
      "flake": false,
      "locked": {
        "lastModified": 1756993753,
        "narHash": "sha256-KexZ3ECnGrHGdKwkxtbG8vy+PutFdUV8C/3KRsq1HiM=",
        "ref": "refs/heads/haffsched",
        "rev": "f090fc5c383aea0c4aa1e0c58cfb7836d2a42005",
        "revCount": 210,
        "type": "git",
        "url": "https://github.com/jandrovins/nodes-haffsched.git"
      },
      "original": {
        "type": "git",
        "url": "https://github.com/jandrovins/nodes-haffsched.git"
      }
    },
    "nosv_src": {
      "flake": false,
      "locked": {
        "lastModified": 1777406329,
        "narHash": "sha256-0zkAfZbqI7seeWnk6LjxS02fa/j+cHdnC0RUcES+JtQ=",
        "path": "/nvme1/varcila/oss_hsf_overhead/nos-v-haffsched",
        "type": "path"
      },
      "original": {
        "path": "/nvme1/varcila/oss_hsf_overhead/nos-v-haffsched",
        "type": "path"
      }
    },
    "ovni_src": {
      "flake": false,
      "locked": {
        "lastModified": 1777373520,
        "narHash": "sha256-//Teg4L3yO9ejNWr2w8ilx+h0KQtJ1+rYCIFZCZfGHs=",
        "path": "/nvme1/varcila/ovni",
        "type": "path"
      },
      "original": {
        "path": "/nvme1/varcila/ovni",
        "type": "path"
      }
    },
    "root": {
      "inputs": {
        "jungle": "jungle",
        "nodes_src": "nodes_src",
        "nosv_src": "nosv_src",
        "ovni_src": "ovni_src"
      }
    }
  },
  "root": "root",
  "version": 7
}
